// !$*UTF8*$!
{
	archiveVersion = 1;
	classes = {
	};
	objectVersion = 56;
	objects = {

/* Begin PBXBuildFile section */
		F7562AFF2C66B10D00E6DFCB /* MountainRegionMonitoringApp.swift in Sources */ = {isa = PBXBuildFile; fileRef = F7562AFE2C66B10D00E6DFCB /* MountainRegionMonitoringApp.swift */; };
		F7562B032C66B10F00E6DFCB /* Assets.xcassets in Resources */ = {isa = PBXBuildFile; fileRef = F7562B022C66B10F00E6DFCB /* Assets.xcassets */; };
		F7562B062C66B10F00E6DFCB /* Preview Assets.xcassets in Resources */ = {isa = PBXBuildFile; fileRef = F7562B052C66B10F00E6DFCB /* Preview Assets.xcassets */; };
		F7562B0D2C66B21600E6DFCB /* MountainResortView.swift in Sources */ = {isa = PBXBuildFile; fileRef = F7562B0C2C66B21600E6DFCB /* MountainResortView.swift */; };
		F7562B0F2C66B25300E6DFCB /* LocationManager.swift in Sources */ = {isa = PBXBuildFile; fileRef = F7562B0E2C66B25300E6DFCB /* LocationManager.swift */; };
		F7562B112C66B2B900E6DFCB /* MKCoordinateRegion+Ext.swift in Sources */ = {isa = PBXBuildFile; fileRef = F7562B102C66B2B900E6DFCB /* MKCoordinateRegion+Ext.swift */; };
		F7562B132C66B37800E6DFCB /* CLMonitor.CircularGeographicCondition+Ext.swift in Sources */ = {isa = PBXBuildFile; fileRef = F7562B122C66B37800E6DFCB /* CLMonitor.CircularGeographicCondition+Ext.swift */; };
		F7562B152C66B3CF00E6DFCB /* CLLocationCoordinate2D+Ext.swift in Sources */ = {isa = PBXBuildFile; fileRef = F7562B142C66B3CF00E6DFCB /* CLLocationCoordinate2D+Ext.swift */; };
/* End PBXBuildFile section */

/* Begin PBXFileReference section */
		F7562AFB2C66B10D00E6DFCB /* MountainRegionMonitoring.app */ = {isa = PBXFileReference; explicitFileType = wrapper.application; includeInIndex = 0; path = MountainRegionMonitoring.app; sourceTree = BUILT_PRODUCTS_DIR; };
		F7562AFE2C66B10D00E6DFCB /* MountainRegionMonitoringApp.swift */ = {isa = PBXFileReference; lastKnownFileType = sourcecode.swift; path = MountainRegionMonitoringApp.swift; sourceTree = "<group>"; };
		F7562B022C66B10F00E6DFCB /* Assets.xcassets */ = {isa = PBXFileReference; lastKnownFileType = folder.assetcatalog; path = Assets.xcassets; sourceTree = "<group>"; };
		F7562B052C66B10F00E6DFCB /* Preview Assets.xcassets */ = {isa = PBXFileReference; lastKnownFileType = folder.assetcatalog; path = "Preview Assets.xcassets"; sourceTree = "<group>"; };
		F7562B0C2C66B21600E6DFCB /* MountainResortView.swift */ = {isa = PBXFileReference; lastKnownFileType = sourcecode.swift; path = MountainResortView.swift; sourceTree = "<group>"; };
		F7562B0E2C66B25300E6DFCB /* LocationManager.swift */ = {isa = PBXFileReference; lastKnownFileType = sourcecode.swift; path = LocationManager.swift; sourceTree = "<group>"; };
		F7562B102C66B2B900E6DFCB /* MKCoordinateRegion+Ext.swift */ = {isa = PBXFileReference; lastKnownFileType = sourcecode.swift; path = "MKCoordinateRegion+Ext.swift"; sourceTree = "<group>"; };
		F7562B122C66B37800E6DFCB /* CLMonitor.CircularGeographicCondition+Ext.swift */ = {isa = PBXFileReference; lastKnownFileType = sourcecode.swift; path = "CLMonitor.CircularGeographicCondition+Ext.swift"; sourceTree = "<group>"; };
		F7562B142C66B3CF00E6DFCB /* CLLocationCoordinate2D+Ext.swift */ = {isa = PBXFileReference; lastKnownFileType = sourcecode.swift; path = "CLLocationCoordinate2D+Ext.swift"; sourceTree = "<group>"; };
/* End PBXFileReference section */

/* Begin PBXFrameworksBuildPhase section */
		F7562AF82C66B10D00E6DFCB /* Frameworks */ = {
			isa = PBXFrameworksBuildPhase;
			buildActionMask = 2147483647;
			files = (
			);
			runOnlyForDeploymentPostprocessing = 0;
		};
/* End PBXFrameworksBuildPhase section */

/* Begin PBXGroup section */
		F7562AF22C66B10D00E6DFCB = {
			isa = PBXGroup;
			children = (
				F7562AFD2C66B10D00E6DFCB /* MountainRegionMonitoring */,
				F7562AFC2C66B10D00E6DFCB /* Products */,
			);
			sourceTree = "<group>";
		};
		F7562AFC2C66B10D00E6DFCB /* Products */ = {
			isa = PBXGroup;
			children = (
				F7562AFB2C66B10D00E6DFCB /* MountainRegionMonitoring.app */,
			);
			name = Products;
			sourceTree = "<group>";
		};
		F7562AFD2C66B10D00E6DFCB /* MountainRegionMonitoring */ = {
			isa = PBXGroup;
			children = (
				F7562B0C2C66B21600E6DFCB /* MountainResortView.swift */,
				F7562B022C66B10F00E6DFCB /* Assets.xcassets */,
				F7562B042C66B10F00E6DFCB /* Preview Content */,
				F7562B0E2C66B25300E6DFCB /* LocationManager.swift */,
				F7562B102C66B2B900E6DFCB /* MKCoordinateRegion+Ext.swift */,
				F7562B122C66B37800E6DFCB /* CLMonitor.CircularGeographicCondition+Ext.swift */,
				F7562B142C66B3CF00E6DFCB /* CLLocationCoordinate2D+Ext.swift */,
			);
			path = MountainRegionMonitoring;
			sourceTree = "<group>";
		};
		F7562B042C66B10F00E6DFCB /* Preview Content */ = {
			isa = PBXGroup;
			children = (
				F7562AFE2C66B10D00E6DFCB /* MountainRegionMonitoringApp.swift */,
				F7562B052C66B10F00E6DFCB /* Preview Assets.xcassets */,
			);
			path = "Preview Content";
			sourceTree = "<group>";
		};
/* End PBXGroup section */

/* Begin PBXNativeTarget section */
		F7562AFA2C66B10D00E6DFCB /* MountainRegionMonitoring */ = {
			isa = PBXNativeTarget;
			buildConfigurationList = F7562B092C66B10F00E6DFCB /* Build configuration list for PBXNativeTarget "MountainRegionMonitoring" */;
			buildPhases = (
				F7562AF72C66B10D00E6DFCB /* Sources */,
				F7562AF82C66B10D00E6DFCB /* Frameworks */,
				F7562AF92C66B10D00E6DFCB /* Resources */,
			);
			buildRules = (
			);
			dependencies = (
			);
			name = MountainRegionMonitoring;
			productName = MountainRegionMonitoring;
			productReference = F7562AFB2C66B10D00E6DFCB /* MountainRegionMonitoring.app */;
			productType = "com.apple.product-type.application";
		};
/* End PBXNativeTarget section */

/* Begin PBXProject section */
		F7562AF32C66B10D00E6DFCB /* Project object */ = {
			isa = PBXProject;
			attributes = {
				BuildIndependentTargetsInParallel = 1;
				LastSwiftUpdateCheck = 1540;
				LastUpgradeCheck = 1540;
				TargetAttributes = {
					F7562AFA2C66B10D00E6DFCB = {
						CreatedOnToolsVersion = 15.4;
					};
				};
			};
			buildConfigurationList = F7562AF62C66B10D00E6DFCB /* Build configuration list for PBXProject "MountainRegionMonitoring" */;
			compatibilityVersion = "Xcode 14.0";
			developmentRegion = en;
			hasScannedForEncodings = 0;
			knownRegions = (
				en,
				Base,
			);
			mainGroup = F7562AF22C66B10D00E6DFCB;
			productRefGroup = F7562AFC2C66B10D00E6DFCB /* Products */;
			projectDirPath = "";
			projectRoot = "";
			targets = (
				F7562AFA2C66B10D00E6DFCB /* MountainRegionMonitoring */,
			);
		};
/* End PBXProject section */

/* Begin PBXResourcesBuildPhase section */
		F7562AF92C66B10D00E6DFCB /* Resources */ = {
			isa = PBXResourcesBuildPhase;
			buildActionMask = 2147483647;
			files = (
				F7562B062C66B10F00E6DFCB /* Preview Assets.xcassets in Resources */,
				F7562B032C66B10F00E6DFCB /* Assets.xcassets in Resources */,
			);
			runOnlyForDeploymentPostprocessing = 0;
		};
/* End PBXResourcesBuildPhase section */

/* Begin PBXSourcesBuildPhase section */
		F7562AF72C66B10D00E6DFCB /* Sources */ = {
			isa = PBXSourcesBuildPhase;
			buildActionMask = 2147483647;
			files = (
				F7562B132C66B37800E6DFCB /* CLMonitor.CircularGeographicCondition+Ext.swift in Sources */,
				F7562B0D2C66B21600E6DFCB /* MountainResortView.swift in Sources */,
				F7562B152C66B3CF00E6DFCB /* CLLocationCoordinate2D+Ext.swift in Sources */,
				F7562AFF2C66B10D00E6DFCB /* MountainRegionMonitoringApp.swift in Sources */,
				F7562B0F2C66B25300E6DFCB /* LocationManager.swift in Sources */,
				F7562B112C66B2B900E6DFCB /* MKCoordinateRegion+Ext.swift in Sources */,
			);
			runOnlyForDeploymentPostprocessing = 0;
		};
/* End PBXSourcesBuildPhase section */

/* Begin XCBuildConfiguration section */
		F7562B072C66B10F00E6DFCB /* Debug */ = {
			isa = XCBuildConfiguration;
			buildSettings = {
				ALWAYS_SEARCH_USER_PATHS = NO;
				ASSETCATALOG_COMPILER_GENERATE_SWIFT_ASSET_SYMBOL_EXTENSIONS = YES;
				CLANG_ANALYZER_NONNULL = YES;
				CLANG_ANALYZER_NUMBER_OBJECT_CONVERSION = YES_AGGRESSIVE;
				CLANG_CXX_LANGUAGE_STANDARD = "gnu++20";
				CLANG_ENABLE_MODULES = YES;
				CLANG_ENABLE_OBJC_ARC = YES;
				CLANG_ENABLE_OBJC_WEAK = YES;
				CLANG_WARN_BLOCK_CAPTURE_AUTORELEASING = YES;
				CLANG_WARN_BOOL_CONVERSION = YES;
				CLANG_WARN_COMMA = YES;
				CLANG_WARN_CONSTANT_CONVERSION = YES;
				CLANG_WARN_DEPRECATED_OBJC_IMPLEMENTATIONS = YES;
				CLANG_WARN_DIRECT_OBJC_ISA_USAGE = YES_ERROR;
				CLANG_WARN_DOCUMENTATION_COMMENTS = YES;
				CLANG_WARN_EMPTY_BODY = YES;
				CLANG_WARN_ENUM_CONVERSION = YES;
				CLANG_WARN_INFINITE_RECURSION = YES;
				CLANG_WARN_INT_CONVERSION = YES;
				CLANG_WARN_NON_LITERAL_NULL_CONVERSION = YES;
				CLANG_WARN_OBJC_IMPLICIT_RETAIN_SELF = YES;
				CLANG_WARN_OBJC_LITERAL_CONVERSION = YES;
				CLANG_WARN_OBJC_ROOT_CLASS = YES_ERROR;
				CLANG_WARN_QUOTED_INCLUDE_IN_FRAMEWORK_HEADER = YES;
				CLANG_WARN_RANGE_LOOP_ANALYSIS = YES;
				CLANG_WARN_STRICT_PROTOTYPES = YES;
				CLANG_WARN_SUSPICIOUS_MOVE = YES;
				CLANG_WARN_UNGUARDED_AVAILABILITY = YES_AGGRESSIVE;
				CLANG_WARN_UNREACHABLE_CODE = YES;
				CLANG_WARN__DUPLICATE_METHOD_MATCH = YES;
				COPY_PHASE_STRIP = NO;
				DEBUG_INFORMATION_FORMAT = dwarf;
				ENABLE_STRICT_OBJC_MSGSEND = YES;
				ENABLE_TESTABILITY = YES;
				ENABLE_USER_SCRIPT_SANDBOXING = YES;
				GCC_C_LANGUAGE_STANDARD = gnu17;
				GCC_DYNAMIC_NO_PIC = NO;
				GCC_NO_COMMON_BLOCKS = YES;
				GCC_OPTIMIZATION_LEVEL = 0;
				GCC_PREPROCESSOR_DEFINITIONS = (
					"DEBUG=1",
					"$(inherited)",
				);
				GCC_WARN_64_TO_32_BIT_CONVERSION = YES;
				GCC_WARN_ABOUT_RETURN_TYPE = YES_ERROR;
				GCC_WARN_UNDECLARED_SELECTOR = YES;
				GCC_WARN_UNINITIALIZED_AUTOS = YES_AGGRESSIVE;
				GCC_WARN_UNUSED_FUNCTION = YES;
				GCC_WARN_UNUSED_VARIABLE = YES;
				IPHONEOS_DEPLOYMENT_TARGET = 17.5;
				LOCALIZATION_PREFERS_STRING_CATALOGS = YES;
				MTL_ENABLE_DEBUG_INFO = INCLUDE_SOURCE;
				MTL_FAST_MATH = YES;
				ONLY_ACTIVE_ARCH = YES;
				SDKROOT = iphoneos;
				SWIFT_ACTIVE_COMPILATION_CONDITIONS = "DEBUG $(inherited)";
				SWIFT_OPTIMIZATION_LEVEL = "-Onone";
			};
			name = Debug;
		};
		F7562B082C66B10F00E6DFCB /* Release */ = {
			isa = XCBuildConfiguration;
			buildSettings = {
				ALWAYS_SEARCH_USER_PATHS = NO;
				ASSETCATALOG_COMPILER_GENERATE_SWIFT_ASSET_SYMBOL_EXTENSIONS = YES;
				CLANG_ANALYZER_NONNULL = YES;
				CLANG_ANALYZER_NUMBER_OBJECT_CONVERSION = YES_AGGRESSIVE;
				CLANG_CXX_LANGUAGE_STANDARD = "gnu++20";
				CLANG_ENABLE_MODULES = YES;
				CLANG_ENABLE_OBJC_ARC = YES;
				CLANG_ENABLE_OBJC_WEAK = YES;
				CLANG_WARN_BLOCK_CAPTURE_AUTORELEASING = YES;
				CLANG_WARN_BOOL_CONVERSION = YES;
				CLANG_WARN_COMMA = YES;
				CLANG_WARN_CONSTANT_CONVERSION = YES;
				CLANG_WARN_DEPRECATED_OBJC_IMPLEMENTATIONS = YES;
				CLANG_WARN_DIRECT_OBJC_ISA_USAGE = YES_ERROR;
				CLANG_WARN_DOCUMENTATION_COMMENTS = YES;
				CLANG_WARN_EMPTY_BODY = YES;
				CLANG_WARN_ENUM_CONVERSION = YES;
				CLANG_WARN_INFINITE_RECURSION = YES;
				CLANG_WARN_INT_CONVERSION = YES;
				CLANG_WARN_NON_LITERAL_NULL_CONVERSION = YES;
				CLANG_WARN_OBJC_IMPLICIT_RETAIN_SELF = YES;
				CLANG_WARN_OBJC_LITERAL_CONVERSION = YES;
				CLANG_WARN_OBJC_ROOT_CLASS = YES_ERROR;
				CLANG_WARN_QUOTED_INCLUDE_IN_FRAMEWORK_HEADER = YES;
				CLANG_WARN_RANGE_LOOP_ANALYSIS = YES;
				CLANG_WARN_STRICT_PROTOTYPES = YES;
				CLANG_WARN_SUSPICIOUS_MOVE = YES;
				CLANG_WARN_UNGUARDED_AVAILABILITY = YES_AGGRESSIVE;
				CLANG_WARN_UNREACHABLE_CODE = YES;
				CLANG_WARN__DUPLICATE_METHOD_MATCH = YES;
				COPY_PHASE_STRIP = NO;
				DEBUG_INFORMATION_FORMAT = "dwarf-with-dsym";
				ENABLE_NS_ASSERTIONS = NO;
				ENABLE_STRICT_OBJC_MSGSEND = YES;
				ENABLE_USER_SCRIPT_SANDBOXING = YES;
				GCC_C_LANGUAGE_STANDARD = gnu17;
				GCC_NO_COMMON_BLOCKS = YES;
				GCC_WARN_64_TO_32_BIT_CONVERSION = YES;
				GCC_WARN_ABOUT_RETURN_TYPE = YES_ERROR;
				GCC_WARN_UNDECLARED_SELECTOR = YES;
				GCC_WARN_UNINITIALIZED_AUTOS = YES_AGGRESSIVE;
				GCC_WARN_UNUSED_FUNCTION = YES;
				GCC_WARN_UNUSED_VARIABLE = YES;
				IPHONEOS_DEPLOYMENT_TARGET = 17.5;
				LOCALIZATION_PREFERS_STRING_CATALOGS = YES;
				MTL_ENABLE_DEBUG_INFO = NO;
				MTL_FAST_MATH = YES;
				SDKROOT = iphoneos;
				SWIFT_COMPILATION_MODE = wholemodule;
				VALIDATE_PRODUCT = YES;
			};
			name = Release;
		};
		F7562B0A2C66B10F00E6DFCB /* Debug */ = {
			isa = XCBuildConfiguration;
			buildSettings = {
				ASSETCATALOG_COMPILER_APPICON_NAME = AppIcon;
				ASSETCATALOG_COMPILER_GLOBAL_ACCENT_COLOR_NAME = AccentColor;
				CODE_SIGN_STYLE = Automatic;
				CURRENT_PROJECT_VERSION = 1;
				DEVELOPMENT_ASSET_PATHS = "\"MountainRegionMonitoring/Preview Content\"";
				DEVELOPMENT_TEAM = 6D9CKTK39V;
				ENABLE_PREVIEWS = YES;
				GENERATE_INFOPLIST_FILE = YES;
				INFOPLIST_KEY_UIApplicationSceneManifest_Generation = YES;
				INFOPLIST_KEY_UIApplicationSupportsIndirectInputEvents = YES;
				INFOPLIST_KEY_UILaunchScreen_Generation = YES;
				INFOPLIST_KEY_UISupportedInterfaceOrientations_iPad = "UIInterfaceOrientationPortrait UIInterfaceOrientationPortraitUpsideDown UIInterfaceOrientationLandscapeLeft UIInterfaceOrientationLandscapeRight";
				INFOPLIST_KEY_UISupportedInterfaceOrientations_iPhone = "UIInterfaceOrientationPortrait UIInterfaceOrientationLandscapeLeft UIInterfaceOrientationLandscapeRight";
				LD_RUNPATH_SEARCH_PATHS = (
					"$(inherited)",
					"@executable_path/Frameworks",
				);
				MARKETING_VERSION = 1.0;
				PRODUCT_BUNDLE_IDENTIFIER = trvl.MountainRegionMonitoring;
				PRODUCT_NAME = "$(TARGET_NAME)";
				SWIFT_EMIT_LOC_STRINGS = YES;
				SWIFT_VERSION = 5.0;
				TARGETED_DEVICE_FAMILY = "1,2";
			};
			name = Debug;
		};
		F7562B0B2C66B10F00E6DFCB /* Release */ = {
			isa = XCBuildConfiguration;
			buildSettings = {
				ASSETCATALOG_COMPILER_APPICON_NAME = AppIcon;
				ASSETCATALOG_COMPILER_GLOBAL_ACCENT_COLOR_NAME = AccentColor;
				CODE_SIGN_STYLE = Automatic;
				CURRENT_PROJECT_VERSION = 1;
				DEVELOPMENT_ASSET_PATHS = "\"MountainRegionMonitoring/Preview Content\"";
				DEVELOPMENT_TEAM = 6D9CKTK39V;
				ENABLE_PREVIEWS = YES;
				GENERATE_INFOPLIST_FILE = YES;
				INFOPLIST_KEY_UIApplicationSceneManifest_Generation = YES;
				INFOPLIST_KEY_UIApplicationSupportsIndirectInputEvents = YES;
				INFOPLIST_KEY_UILaunchScreen_Generation = YES;
				INFOPLIST_KEY_UISupportedInterfaceOrientations_iPad = "UIInterfaceOrientationPortrait UIInterfaceOrientationPortraitUpsideDown UIInterfaceOrientationLandscapeLeft UIInterfaceOrientationLandscapeRight";
				INFOPLIST_KEY_UISupportedInterfaceOrientations_iPhone = "UIInterfaceOrientationPortrait UIInterfaceOrientationLandscapeLeft UIInterfaceOrientationLandscapeRight";
				LD_RUNPATH_SEARCH_PATHS = (
					"$(inherited)",
					"@executable_path/Frameworks",
				);
				MARKETING_VERSION = 1.0;
				PRODUCT_BUNDLE_IDENTIFIER = trvl.MountainRegionMonitoring;
				PRODUCT_NAME = "$(TARGET_NAME)";
				SWIFT_EMIT_LOC_STRINGS = YES;
				SWIFT_VERSION = 5.0;
				TARGETED_DEVICE_FAMILY = "1,2";
			};
			name = Release;
		};
/* End XCBuildConfiguration section */

/* Begin XCConfigurationList section */
		F7562AF62C66B10D00E6DFCB /* Build configuration list for PBXProject "MountainRegionMonitoring" */ = {
			isa = XCConfigurationList;
			buildConfigurations = (
				F7562B072C66B10F00E6DFCB /* Debug */,
				F7562B082C66B10F00E6DFCB /* Release */,
			);
			defaultConfigurationIsVisible = 0;
			defaultConfigurationName = Release;
		};
		F7562B092C66B10F00E6DFCB /* Build configuration list for PBXNativeTarget "MountainRegionMonitoring" */ = {
			isa = XCConfigurationList;
			buildConfigurations = (
				F7562B0A2C66B10F00E6DFCB /* Debug */,
				F7562B0B2C66B10F00E6DFCB /* Release */,
			);
			defaultConfigurationIsVisible = 0;
			defaultConfigurationName = Release;
		};
/* End XCConfigurationList section */
	};
	rootObject = F7562AF32C66B10D00E6DFCB /* Project object */;
}
